// !$*UTF8*$!
{
	archiveVersion = 1;
	classes = {
	};
	objectVersion = 56;
	objects = {

/* Begin PBXBuildFile section */
		A10000000000000000000001 /* TraverseStarterApp.swift in Sources */ = {isa = PBXBuildFile; fileRef = A20000000000000000000001 /* TraverseStarterApp.swift */; };
		A10000000000000000000002 /* AppSettings.swift in Sources */ = {isa = PBXBuildFile; fileRef = A20000000000000000000002 /* AppSettings.swift */; };
		A10000000000000000000003 /* TraverseClient.swift in Sources */ = {isa = PBXBuildFile; fileRef = A20000000000000000000003 /* TraverseClient.swift */; };
		A10000000000000000000004 /* ExecutionViewModel.swift in Sources */ = {isa = PBXBuildFile; fileRef = A20000000000000000000004 /* ExecutionViewModel.swift */; };
		A10000000000000000000005 /* ContentView.swift in Sources */ = {isa = PBXBuildFile; fileRef = A20000000000000000000005 /* ContentView.swift */; };
		A10000000000000000000006 /* SettingsView.swift in Sources */ = {isa = PBXBuildFile; fileRef = A20000000000000000000006 /* SettingsView.swift */; };
		A10000000000000000000007 /* Assets.xcassets in Resources */ = {isa = PBXBuildFile; fileRef = A20000000000000000000007 /* Assets.xcassets */; };
		A10000000000000000000008 /* TraverseClientTests.swift in Sources */ = {isa = PBXBuildFile; fileRef = A20000000000000000000008 /* TraverseClientTests.swift */; };
		A10000000000000000000009 /* ExecutionViewModelTests.swift in Sources */ = {isa = PBXBuildFile; fileRef = A20000000000000000000009 /* ExecutionViewModelTests.swift */; };
/* End PBXBuildFile section */

/* Begin PBXFileReference section */
		A20000000000000000000001 /* TraverseStarterApp.swift */ = {isa = PBXFileReference; lastKnownFileType = sourcecode.swift; path = TraverseStarterApp.swift; sourceTree = "<group>"; };
		A20000000000000000000002 /* AppSettings.swift */ = {isa = PBXFileReference; lastKnownFileType = sourcecode.swift; path = AppSettings.swift; sourceTree = "<group>"; };
		A20000000000000000000003 /* TraverseClient.swift */ = {isa = PBXFileReference; lastKnownFileType = sourcecode.swift; path = TraverseClient.swift; sourceTree = "<group>"; };
		A20000000000000000000004 /* ExecutionViewModel.swift */ = {isa = PBXFileReference; lastKnownFileType = sourcecode.swift; path = ExecutionViewModel.swift; sourceTree = "<group>"; };
		A20000000000000000000005 /* ContentView.swift */ = {isa = PBXFileReference; lastKnownFileType = sourcecode.swift; path = ContentView.swift; sourceTree = "<group>"; };
		A20000000000000000000006 /* SettingsView.swift */ = {isa = PBXFileReference; lastKnownFileType = sourcecode.swift; path = SettingsView.swift; sourceTree = "<group>"; };
		A20000000000000000000007 /* Assets.xcassets */ = {isa = PBXFileReference; lastKnownFileType = folder.assetcatalog; path = Assets.xcassets; sourceTree = "<group>"; };
		A20000000000000000000008 /* TraverseClientTests.swift */ = {isa = PBXFileReference; lastKnownFileType = sourcecode.swift; path = TraverseClientTests.swift; sourceTree = "<group>"; };
		A20000000000000000000009 /* ExecutionViewModelTests.swift */ = {isa = PBXFileReference; lastKnownFileType = sourcecode.swift; path = ExecutionViewModelTests.swift; sourceTree = "<group>"; };
		A20000000000000000000010 /* Info.plist */ = {isa = PBXFileReference; lastKnownFileType = text.plist.xml; path = Info.plist; sourceTree = "<group>"; };
		A30000000000000000000001 /* TraverseStarter.app */ = {isa = PBXFileReference; explicitFileType = wrapper.application; includeInIndex = 0; path = TraverseStarter.app; sourceTree = BUILT_PRODUCTS_DIR; };
		A30000000000000000000002 /* TraverseStarterTests.xctest */ = {isa = PBXFileReference; explicitFileType = wrapper.cfbundle; includeInIndex = 0; path = TraverseStarterTests.xctest; sourceTree = BUILT_PRODUCTS_DIR; };
/* End PBXFileReference section */

/* Begin PBXFrameworksBuildPhase section */
		A40000000000000000000001 /* Frameworks */ = {
			isa = PBXFrameworksBuildPhase;
			buildActionMask = 2147483647;
			files = (
			);
			runOnlyForDeploymentPostprocessing = 0;
		};
		A40000000000000000000002 /* Frameworks */ = {
			isa = PBXFrameworksBuildPhase;
			buildActionMask = 2147483647;
			files = (
			);
			runOnlyForDeploymentPostprocessing = 0;
		};
/* End PBXFrameworksBuildPhase section */

/* Begin PBXGroup section */
		A50000000000000000000001 = {
			isa = PBXGroup;
			children = (
				A50000000000000000000002 /* TraverseStarter */,
				A50000000000000000000003 /* TraverseStarterTests */,
				A50000000000000000000004 /* Products */,
			);
			sourceTree = "<group>";
		};
		A50000000000000000000002 /* TraverseStarter */ = {
			isa = PBXGroup;
			children = (
				A20000000000000000000001 /* TraverseStarterApp.swift */,
				A20000000000000000000002 /* AppSettings.swift */,
				A20000000000000000000003 /* TraverseClient.swift */,
				A20000000000000000000004 /* ExecutionViewModel.swift */,
				A20000000000000000000005 /* ContentView.swift */,
				A20000000000000000000006 /* SettingsView.swift */,
				A20000000000000000000007 /* Assets.xcassets */,
				A20000000000000000000010 /* Info.plist */,
			);
			path = TraverseStarter;
			sourceTree = "<group>";
		};
		A50000000000000000000003 /* TraverseStarterTests */ = {
			isa = PBXGroup;
			children = (
				A20000000000000000000008 /* TraverseClientTests.swift */,
				A20000000000000000000009 /* ExecutionViewModelTests.swift */,
			);
			path = TraverseStarterTests;
			sourceTree = "<group>";
		};
		A50000000000000000000004 /* Products */ = {
			isa = PBXGroup;
			children = (
				A30000000000000000000001 /* TraverseStarter.app */,
				A30000000000000000000002 /* TraverseStarterTests.xctest */,
			);
			name = Products;
			sourceTree = "<group>";
		};
/* End PBXGroup section */

/* Begin PBXNativeTarget section */
		A60000000000000000000001 /* TraverseStarter */ = {
			isa = PBXNativeTarget;
			buildConfigurationList = A80000000000000000000001 /* Build configuration list for PBXNativeTarget "TraverseStarter" */;
			buildPhases = (
				A70000000000000000000001 /* Sources */,
				A40000000000000000000001 /* Frameworks */,
				A70000000000000000000002 /* Resources */,
			);
			buildRules = (
			);
			dependencies = (
			);
			name = TraverseStarter;
			productName = TraverseStarter;
			productReference = A30000000000000000000001 /* TraverseStarter.app */;
			productType = "com.apple.product-type.application";
		};
		A60000000000000000000002 /* TraverseStarterTests */ = {
			isa = PBXNativeTarget;
			buildConfigurationList = A80000000000000000000002 /* Build configuration list for PBXNativeTarget "TraverseStarterTests" */;
			buildPhases = (
				A70000000000000000000003 /* Sources */,
				A40000000000000000000002 /* Frameworks */,
				A70000000000000000000004 /* Resources */,
			);
			buildRules = (
			);
			dependencies = (
				A90000000000000000000001 /* PBXTargetDependency */,
			);
			name = TraverseStarterTests;
			productName = TraverseStarterTests;
			productReference = A30000000000000000000002 /* TraverseStarterTests.xctest */;
			productType = "com.apple.product-type.bundle.unit-test";
		};
/* End PBXNativeTarget section */

/* Begin PBXProject section */
		AA0000000000000000000001 /* Project object */ = {
			isa = PBXProject;
			attributes = {
				BuildIndependentTargetsInParallel = 1;
				LastSwiftUpdateCheck = 1600;
				LastUpgradeCheck = 1600;
				TargetAttributes = {
					A60000000000000000000001 = {
						CreatedOnToolsVersion = 16.0;
					};
					A60000000000000000000002 = {
						CreatedOnToolsVersion = 16.0;
						TestTargetID = A60000000000000000000001;
					};
				};
			};
			buildConfigurationList = A80000000000000000000003 /* Build configuration list for PBXProject "TraverseStarter" */;
			compatibilityVersion = "Xcode 14.0";
			developmentRegion = en;
			hasScannedForEncodings = 0;
			knownRegions = (
				en,
				Base,
			);
			mainGroup = A50000000000000000000001;
			productRefGroup = A50000000000000000000004 /* Products */;
			projectDirPath = "";
			projectRoot = "";
			targets = (
				A60000000000000000000001 /* TraverseStarter */,
				A60000000000000000000002 /* TraverseStarterTests */,
			);
		};
/* End PBXProject section */

/* Begin PBXResourcesBuildPhase section */
		A70000000000000000000002 /* Resources */ = {
			isa = PBXResourcesBuildPhase;
			buildActionMask = 2147483647;
			files = (
				A10000000000000000000007 /* Assets.xcassets in Resources */,
			);
			runOnlyForDeploymentPostprocessing = 0;
		};
		A70000000000000000000004 /* Resources */ = {
			isa = PBXResourcesBuildPhase;
			buildActionMask = 2147483647;
			files = (
			);
			runOnlyForDeploymentPostprocessing = 0;
		};
/* End PBXResourcesBuildPhase section */

/* Begin PBXSourcesBuildPhase section */
		A70000000000000000000001 /* Sources */ = {
			isa = PBXSourcesBuildPhase;
			buildActionMask = 2147483647;
			files = (
				A10000000000000000000001 /* TraverseStarterApp.swift in Sources */,
				A10000000000000000000002 /* AppSettings.swift in Sources */,
				A10000000000000000000003 /* TraverseClient.swift in Sources */,
				A10000000000000000000004 /* ExecutionViewModel.swift in Sources */,
				A10000000000000000000005 /* ContentView.swift in Sources */,
				A10000000000000000000006 /* SettingsView.swift in Sources */,
			);
			runOnlyForDeploymentPostprocessing = 0;
		};
		A70000000000000000000003 /* Sources */ = {
			isa = PBXSourcesBuildPhase;
			buildActionMask = 2147483647;
			files = (
				A10000000000000000000008 /* TraverseClientTests.swift in Sources */,
				A10000000000000000000009 /* ExecutionViewModelTests.swift in Sources */,
			);
			runOnlyForDeploymentPostprocessing = 0;
		};
/* End PBXSourcesBuildPhase section */

/* Begin PBXTargetDependency section */
		A90000000000000000000001 /* PBXTargetDependency */ = {
			isa = PBXTargetDependency;
			target = A60000000000000000000001 /* TraverseStarter */;
			targetProxy = A90000000000000000000002 /* PBXContainerItemProxy */;
		};
		A90000000000000000000002 /* PBXContainerItemProxy */ = {
			isa = PBXContainerItemProxy;
			containerPortal = AA0000000000000000000001 /* Project object */;
			proxyType = 1;
			remoteGlobalIDString = A60000000000000000000001;
			remoteInfo = TraverseStarter;
		};
/* End PBXTargetDependency section */

/* Begin XCBuildConfiguration section */
		AB0000000000000000000001 /* Debug */ = {
			isa = XCBuildConfiguration;
			buildSettings = {
				ALWAYS_SEARCH_USER_PATHS = NO;
				CLANG_ENABLE_MODULES = YES;
				CODE_SIGN_STYLE = Automatic;
				COPY_PHASE_STRIP = NO;
				DEBUG_INFORMATION_FORMAT = dwarf;
				ENABLE_TESTABILITY = YES;
				GCC_DYNAMIC_NO_PIC = NO;
				GCC_OPTIMIZATION_LEVEL = 0;
				IPHONEOS_DEPLOYMENT_TARGET = 17.0;
				MTL_ENABLE_DEBUG_INFO = INCLUDE_SOURCE;
				ONLY_ACTIVE_ARCH = YES;
				SDKROOT = iphoneos;
				SWIFT_ACTIVE_COMPILATION_CONDITIONS = DEBUG;
				SWIFT_OPTIMIZATION_LEVEL = "-Onone";
				SWIFT_VERSION = 5.0;
			};
			name = Debug;
		};
		AB0000000000000000000002 /* Release */ = {
			isa = XCBuildConfiguration;
			buildSettings = {
				ALWAYS_SEARCH_USER_PATHS = NO;
				CLANG_ENABLE_MODULES = YES;
				CODE_SIGN_STYLE = Automatic;
				COPY_PHASE_STRIP = NO;
				DEBUG_INFORMATION_FORMAT = "dwarf-with-dsym";
				ENABLE_NS_ASSERTIONS = NO;
				IPHONEOS_DEPLOYMENT_TARGET = 17.0;
				MTL_ENABLE_DEBUG_INFO = NO;
				SDKROOT = iphoneos;
				SWIFT_COMPILATION_MODE = wholemodule;
				SWIFT_VERSION = 5.0;
				VALIDATE_PRODUCT = YES;
			};
			name = Release;
		};
		AB0000000000000000000003 /* Debug */ = {
			isa = XCBuildConfiguration;
			buildSettings = {
				ASSETCATALOG_COMPILER_APPICON_NAME = AppIcon;
				CODE_SIGN_STYLE = Automatic;
				CURRENT_PROJECT_VERSION = 1;
				GENERATE_INFOPLIST_FILE = NO;
				INFOPLIST_FILE = TraverseStarter/Info.plist;
				LD_RUNPATH_SEARCH_PATHS = (
					"$(inherited)",
					"@executable_path/Frameworks",
				);
				MARKETING_VERSION = 1.0;
				PRODUCT_BUNDLE_IDENTIFIER = framework.traverse.reference.starter;
				PRODUCT_NAME = "$(TARGET_NAME)";
				SUPPORTED_PLATFORMS = "iphoneos iphonesimulator";
				SUPPORTS_MACCATALYST = NO;
				SWIFT_EMIT_LOC_STRINGS = YES;
				TARGETED_DEVICE_FAMILY = "1,2";
			};
			name = Debug;
		};
		AB0000000000000000000004 /* Release */ = {
			isa = XCBuildConfiguration;
			buildSettings = {
				ASSETCATALOG_COMPILER_APPICON_NAME = AppIcon;
				CODE_SIGN_STYLE = Automatic;
				CURRENT_PROJECT_VERSION = 1;
				GENERATE_INFOPLIST_FILE = NO;
				INFOPLIST_FILE = TraverseStarter/Info.plist;
				LD_RUNPATH_SEARCH_PATHS = (
					"$(inherited)",
					"@executable_path/Frameworks",
				);
				MARKETING_VERSION = 1.0;
				PRODUCT_BUNDLE_IDENTIFIER = framework.traverse.reference.starter;
				PRODUCT_NAME = "$(TARGET_NAME)";
				SUPPORTED_PLATFORMS = "iphoneos iphonesimulator";
				SUPPORTS_MACCATALYST = NO;
				SWIFT_EMIT_LOC_STRINGS = YES;
				TARGETED_DEVICE_FAMILY = "1,2";
			};
			name = Release;
		};
		AB0000000000000000000005 /* Debug */ = {
			isa = XCBuildConfiguration;
			buildSettings = {
				BUNDLE_LOADER = "$(TEST_HOST)";
				CODE_SIGN_STYLE = Automatic;
				CURRENT_PROJECT_VERSION = 1;
				GENERATE_INFOPLIST_FILE = YES;
				IPHONEOS_DEPLOYMENT_TARGET = 17.0;
				MARKETING_VERSION = 1.0;
				PRODUCT_BUNDLE_IDENTIFIER = framework.traverse.reference.starter.tests;
				PRODUCT_NAME = "$(TARGET_NAME)";
				SWIFT_EMIT_LOC_STRINGS = NO;
				TARGETED_DEVICE_FAMILY = "1,2";
				TEST_HOST = "$(BUILT_PRODUCTS_DIR)/TraverseStarter.app/$(BUNDLE_EXECUTABLE_FOLDER_PATH)/TraverseStarter";
			};
			name = Debug;
		};
		AB0000000000000000000006 /* Release */ = {
			isa = XCBuildConfiguration;
			buildSettings = {
				BUNDLE_LOADER = "$(TEST_HOST)";
				CODE_SIGN_STYLE = Automatic;
				CURRENT_PROJECT_VERSION = 1;
				GENERATE_INFOPLIST_FILE = YES;
				IPHONEOS_DEPLOYMENT_TARGET = 17.0;
				MARKETING_VERSION = 1.0;
				PRODUCT_BUNDLE_IDENTIFIER = framework.traverse.reference.starter.tests;
				PRODUCT_NAME = "$(TARGET_NAME)";
				SWIFT_EMIT_LOC_STRINGS = NO;
				TARGETED_DEVICE_FAMILY = "1,2";
				TEST_HOST = "$(BUILT_PRODUCTS_DIR)/TraverseStarter.app/$(BUNDLE_EXECUTABLE_FOLDER_PATH)/TraverseStarter";
			};
			name = Release;
		};
/* End XCBuildConfiguration section */

/* Begin XCConfigurationList section */
		A80000000000000000000001 /* Build configuration list for PBXNativeTarget "TraverseStarter" */ = {
			isa = XCConfigurationList;
			buildConfigurations = (
				AB0000000000000000000003 /* Debug */,
				AB0000000000000000000004 /* Release */,
			);
			defaultConfigurationIsVisible = 0;
			defaultConfigurationName = Release;
		};
		A80000000000000000000002 /* Build configuration list for PBXNativeTarget "TraverseStarterTests" */ = {
			isa = XCConfigurationList;
			buildConfigurations = (
				AB0000000000000000000005 /* Debug */,
				AB0000000000000000000006 /* Release */,
			);
			defaultConfigurationIsVisible = 0;
			defaultConfigurationName = Release;
		};
		A80000000000000000000003 /* Build configuration list for PBXProject "TraverseStarter" */ = {
			isa = XCConfigurationList;
			buildConfigurations = (
				AB0000000000000000000001 /* Debug */,
				AB0000000000000000000002 /* Release */,
			);
			defaultConfigurationIsVisible = 0;
			defaultConfigurationName = Release;
		};
/* End XCConfigurationList section */
	};
	rootObject = AA0000000000000000000001 /* Project object */;
}
